
Microsoft Visual Studio Solution File, Format Version 12.00
# Visual Studio Version 16
VisualStudioVersion = 16.0.30413.136
MinimumVisualStudioVersion = 10.0.40219.1
Project("{FAE04EC0-301F-11D3-BF4B-00C04F79EFBC}") = "Dzienniczek_ucznia_podstawy_CSharp", "Dzienniczek_ucznia_podstawy_CSharp\Dzienniczek_ucznia_podstawy_CSharp.csproj", "{CDF5C62C-FF4F-48D8-AD8F-AA66C7F3083E}"
EndProject
Global
	GlobalSection(SolutionConfigurationPlatforms) = preSolution
		Debug|Any CPU = Debug|Any CPU
		Release|Any CPU = Release|Any CPU
	EndGlobalSection
	GlobalSection(ProjectConfigurationPlatforms) = postSolution
		{CDF5C62C-FF4F-48D8-AD8F-AA66C7F3083E}.Debug|Any CPU.ActiveCfg = Debug|Any CPU
		{CDF5C62C-FF4F-48D8-AD8F-AA66C7F3083E}.Debug|Any CPU.Build.0 = Debug|Any CPU
		{CDF5C62C-FF4F-48D8-AD8F-AA66C7F3083E}.Release|Any CPU.ActiveCfg = Release|Any CPU
		{CDF5C62C-FF4F-48D8-AD8F-AA66C7F3083E}.Release|Any CPU.Build.0 = Release|Any CPU
	EndGlobalSection
	GlobalSection(SolutionProperties) = preSolution
		HideSolutionNode = FALSE
	EndGlobalSection
	GlobalSection(ExtensibilityGlobals) = postSolution
		SolutionGuid = {854B061A-1C72-460A-B388-75FCA11B6537}
	EndGlobalSection
EndGlobal
